{
  "version": 4,
  "terraform_version": "1.9.8",
  "serial": 4,
  "lineage": "0f90bdfd-b755-e6b1-b572-4db35066e006",
  "outputs": {},
  "resources": [
    {
      "mode": "managed",
      "type": "local_file",
      "name": "pet",
      "provider": "provider[\"registry.terraform.io/hashicorp/local\"]",
      "instances": [
        {
          "schema_version": 0,
          "attributes": {
            "content": "testing local file resource",
            "content_base64": null,
            "content_base64sha256": "8Cs7PM6Vvek8tzGi5PWVSBkgU4aPzB2iv1cJaXfTMc0=",
            "content_base64sha512": "BKZSm6b3FCZRe1mFU/TR7R2ZXd/Zy54JzT8S5pgvNYry4BECkKbdNCDPF4saZ5DzB5OwOk2M0y8F95rHRYfJIQ==",
            "content_md5": "6ec48932b1d49919bc9c0bcd39031b20",
            "content_sha1": "300e96d9395f6281493b2550aa963901ba24cd89",
            "content_sha256": "f02b3b3cce95bde93cb731a2e4f59548192053868fcc1da2bf57096977d331cd",
            "content_sha512": "04a6529ba6f71426517b598553f4d1ed1d995ddfd9cb9e09cd3f12e6982f358af2e0110290a6dd3420cf178b1a6790f30793b03a4d8cd32f05f79ac74587c921",
            "directory_permission": "0777",
            "file_permission": "0700",
            "filename": "~/pets.txt",
            "id": "300e96d9395f6281493b2550aa963901ba24cd89",
            "sensitive_content": null,
            "source": null
          },
          "sensitive_attributes": [
            [
              {
                "type": "get_attr",
                "value": "sensitive_content"
              }
            ]
          ]
        }
      ]
    }
  ],
  "check_results": null
}
