{
  "version": 4,
  "terraform_version": "1.9.8",
  "serial": 2,
  "lineage": "7e935e9f-b79c-f6c9-1bd3-3748939ae4db",
  "outputs": {
    "pet-name": {
      "value": "monitor",
      "type": "string"
    }
  },
  "resources": [
    {
      "mode": "managed",
      "type": "random_pet",
      "name": "my-pet",
      "provider": "provider[\"registry.terraform.io/hashicorp/random\"]",
      "instances": [
        {
          "schema_version": 0,
          "attributes": {
            "id": "monitor",
            "keepers": null,
            "length": 1,
            "prefix": null,
            "separator": "-"
          },
          "sensitive_attributes": []
        }
      ]
    }
  ],
  "check_results": null
}
