{
  "version": 4,
  "terraform_version": "1.9.8",
  "serial": 6,
  "lineage": "c70ab415-4a72-7170-2506-e10b5ea375fe",
  "outputs": {},
  "resources": [
    {
      "mode": "managed",
      "type": "local_file",
      "name": "cyberpunk",
      "provider": "provider[\"registry.terraform.io/hashicorp/local\"]",
      "instances": [
        {
          "schema_version": 0,
          "attributes": {
            "content": "All I need for Christmas is Cyberpunk 2077!",
            "content_base64": null,
            "content_base64sha256": "m9u5hLAngqqUaXx7DSbUjXAJruqweuqcMINkie9SSDI=",
            "content_base64sha512": "vf201JVwrymzb2+SVEA+fV06R2VImxRDv6QEdCY+dw92VQaU/bvj3GcvnUs6bWvi2jO1n0Vg3xZw6VMvgy2n1Q==",
            "content_md5": "c93516371b5c81ecd2fb8c62ea898606",
            "content_sha1": "a648192931670dcdb79db0f63a5a0757804b1660",
            "content_sha256": "9bdbb984b02782aa94697c7b0d26d48d7009aeeab07aea9c30836489ef524832",
            "content_sha512": "bdfdb4d49570af29b36f6f9254403e7d5d3a4765489b1443bfa40474263e770f76550694fdbbe3dc672f9d4b3a6d6be2da33b59f4560df1670e9532f832da7d5",
            "directory_permission": "0777",
            "file_permission": "0777",
            "filename": "/c/users/Admin/Desktop/terraform/cyberpunk2077.txt",
            "id": "a648192931670dcdb79db0f63a5a0757804b1660",
            "sensitive_content": null,
            "source": null
          },
          "sensitive_attributes": [
            [
              {
                "type": "get_attr",
                "value": "sensitive_content"
              }
            ]
          ]
        }
      ]
    },
    {
      "mode": "managed",
      "type": "local_file",
      "name": "more-things-to-do",
      "provider": "provider[\"registry.terraform.io/hashicorp/local\"]",
      "instances": [
        {
          "schema_version": 0,
          "attributes": {
            "content": "Learn how to play Astronomia on the guitar!",
            "content_base64": null,
            "content_base64sha256": "6UWrIztJjUu1F/P9EZgSPHIUbo5s+XUY1iSp4QqiIYQ=",
            "content_base64sha512": "QJI/LLZ3hzf1An5t4Uymn3ZZtBrtdF54LY2ebf5cRGu9lvoZqQCIg+qHL6asmoyBUmRmg3qh/fsv+alapG//Gw==",
            "content_md5": "69e0520a47f7ca818a0a791c63d7158c",
            "content_sha1": "85e6ec1cf7be591e68345cbaf27a4529a4f25eb0",
            "content_sha256": "e945ab233b498d4bb517f3fd1198123c72146e8e6cf97518d624a9e10aa22184",
            "content_sha512": "40923f2cb6778737f5027e6de14ca69f7659b41aed745e782d8d9e6dfe5c446bbd96fa19a9008883ea872fa6ac9a8c81526466837aa1fdfb2ff9a95aa46fff1b",
            "directory_permission": "0777",
            "file_permission": "0777",
            "filename": "/c/users/Admin/Desktop/terraform/more-things-to-do.txt",
            "id": "85e6ec1cf7be591e68345cbaf27a4529a4f25eb0",
            "sensitive_content": null,
            "source": null
          },
          "sensitive_attributes": [
            [
              {
                "type": "get_attr",
                "value": "sensitive_content"
              }
            ]
          ]
        }
      ]
    },
    {
      "mode": "managed",
      "type": "local_file",
      "name": "ps5",
      "provider": "provider[\"registry.terraform.io/hashicorp/local\"]",
      "instances": [
        {
          "schema_version": 0,
          "attributes": {
            "content": "And a PS5!",
            "content_base64": null,
            "content_base64sha256": "vGipq5CbFdMKB+aTJPOLDwcSDeXNHvCLNM4TXtxgyN0=",
            "content_base64sha512": "2VFUgJqPRuaa+hVz7tFijaxX5UzF2MpCLno93gPpUeukawVgK4iZZ1mY3E5vjOZpAOaU/KFExHFVfnKzRt2Xxw==",
            "content_md5": "279a399335c153b78ba778a53370598b",
            "content_sha1": "3622a2c0580ba50d8b91d477679398c46d7199d2",
            "content_sha256": "bc68a9ab909b15d30a07e69324f38b0f07120de5cd1ef08b34ce135edc60c8dd",
            "content_sha512": "d95154809a8f46e69afa1573eed1628dac57e54cc5d8ca422e7a3dde03e951eba46b05602b8899675998dc4e6f8ce66900e694fca144c471557e72b346dd97c7",
            "directory_permission": "0777",
            "file_permission": "0777",
            "filename": "/root/ps5.txt",
            "id": "3622a2c0580ba50d8b91d477679398c46d7199d2",
            "sensitive_content": null,
            "source": null
          },
          "sensitive_attributes": [
            [
              {
                "type": "get_attr",
                "value": "sensitive_content"
              }
            ]
          ]
        }
      ]
    },
    {
      "mode": "managed",
      "type": "local_file",
      "name": "things-to-do",
      "provider": "provider[\"registry.terraform.io/hashicorp/local\"]",
      "instances": [
        {
          "schema_version": 0,
          "attributes": {
            "content": "Clean my room before Christmas\nComplete the CKA Certification!",
            "content_base64": null,
            "content_base64sha256": "mHqSk8CbJMbIO0UWZnQCJJ1bGdMsN1ISztizRqLsYvQ=",
            "content_base64sha512": "vjKeFi5tkS0gUXmc/zaWUmavA1p2s/M8PFhNvTFXbzgK+c7hBM9Rc7kWYr8/3DWqUDuyDE7D6WUUAtLZNuUMkA==",
            "content_md5": "0772823b64f85e3c1cb2576c67bcd863",
            "content_sha1": "57de5ed15ca8120dba3bd950bad6d5e55b97f635",
            "content_sha256": "987a9293c09b24c6c83b4516667402249d5b19d32c375212ced8b346a2ec62f4",
            "content_sha512": "be329e162e6d912d2051799cff36965266af035a76b3f33c3c584dbd31576f380af9cee104cf5173b91662bf3fdc35aa503bb20c4ec3e9651402d2d936e50c90",
            "directory_permission": "0777",
            "file_permission": "0777",
            "filename": "/c/users/Admin/Desktop/terraform/things-to-do.txt",
            "id": "57de5ed15ca8120dba3bd950bad6d5e55b97f635",
            "sensitive_content": null,
            "source": null
          },
          "sensitive_attributes": [
            [
              {
                "type": "get_attr",
                "value": "sensitive_content"
              }
            ]
          ]
        }
      ]
    },
    {
      "mode": "managed",
      "type": "local_file",
      "name": "xbox",
      "provider": "provider[\"registry.terraform.io/hashicorp/local\"]",
      "instances": [
        {
          "schema_version": 0,
          "attributes": {
            "content": "Wouldn't mind an XBox either!",
            "content_base64": null,
            "content_base64sha256": "yMCyQf3AuFjh5oGmvRBwnP0v6mhe5+URESGAL4pHmbg=",
            "content_base64sha512": "z2Nxf0g1FPBeLe+Q/aLyHOgqEVV7zUHn+BYu4moKqZx0yIHevT1jNmopTKWA1kxC3vh/WKgNnMtWWv4nsLhLTA==",
            "content_md5": "4cfd8bae6b8977166d5ef2d1d778984b",
            "content_sha1": "789dec7aca2183bed759aac5cb38738e91580ff8",
            "content_sha256": "c8c0b241fdc0b858e1e681a6bd10709cfd2fea685ee7e5111121802f8a4799b8",
            "content_sha512": "cf63717f483514f05e2def90fda2f21ce82a11557bcd41e7f8162ee26a0aa99c74c881debd3d63366a294ca580d64c42def87f58a80d9ccb565afe27b0b84b4c",
            "directory_permission": "0777",
            "file_permission": "0777",
            "filename": "/c/users/Admin/Desktop/terraform/xbox.txt",
            "id": "789dec7aca2183bed759aac5cb38738e91580ff8",
            "sensitive_content": null,
            "source": null
          },
          "sensitive_attributes": [
            [
              {
                "type": "get_attr",
                "value": "sensitive_content"
              }
            ]
          ]
        }
      ]
    }
  ],
  "check_results": null
}
